
Microsoft Visual Studio Solution File, Format Version 12.00
# Visual Studio Version 17
VisualStudioVersion = 17.5.002.0
MinimumVisualStudioVersion = 10.0.40219.1
Project("{9A19103F-16F7-4668-BE54-9A1E7A4F7556}") = "Edam.ApiService", "Edam.ApiService\Edam.ApiService.csproj", "{5827CDB6-BFFC-4EB3-B7F1-442B9416687A}"
EndProject
Project("{9A19103F-16F7-4668-BE54-9A1E7A4F7556}") = "Edam.AppHost", "Edam.AppHost\Edam.AppHost.csproj", "{15133E74-C3C4-454F-BB99-51300CF8237A}"
EndProject
Project("{9A19103F-16F7-4668-BE54-9A1E7A4F7556}") = "Edam.ServiceDefaults", "Edam.ServiceDefaults\Edam.ServiceDefaults.csproj", "{6FB7C2EE-AFDA-4451-A204-B45D61D0E5D3}"
EndProject
Project("{9A19103F-16F7-4668-BE54-9A1E7A4F7556}") = "Edam.Web", "Edam.Web\Edam.Web.csproj", "{5308AEC7-3E56-4B60-B4DF-AD19A5F05398}"
EndProject
Project("{2150E333-8FDC-42A3-9474-1A3956D46DE8}") = "Edam.Libraries", "Edam.Libraries", "{E9935052-7104-4397-9B41-36E71D14FDB1}"
EndProject
Project("{2150E333-8FDC-42A3-9474-1A3956D46DE8}") = "Edam.Tests", "Edam.Tests", "{1F7529AB-BFCA-45A7-8F92-CC3D32148424}"
EndProject
Project("{2150E333-8FDC-42A3-9474-1A3956D46DE8}") = "Edam.System", "Edam.System", "{AB91E3A9-D5F5-4DA2-A1B2-28BF7B0968AE}"
EndProject
Project("{9A19103F-16F7-4668-BE54-9A1E7A4F7556}") = "MailDev.Hosting", "MailDev.Hosting\MailDev.Hosting.csproj", "{5403EEA4-59DD-42C8-A016-ED6A5BC112D9}"
EndProject
Project("{2150E333-8FDC-42A3-9474-1A3956D46DE8}") = "Edam.Data", "Edam.Data", "{001B5EA3-8FC1-45A7-AC98-3E267536975C}"
EndProject
Project("{9A19103F-16F7-4668-BE54-9A1E7A4F7556}") = "Edam.Common", "Edam.Libraries\System\Edam.Common\Edam.Common.csproj", "{E98E5179-39EA-4E27-B857-19467BBC422B}"
EndProject
Project("{9A19103F-16F7-4668-BE54-9A1E7A4F7556}") = "Edam.GraphClient", "Edam.Libraries\Data\Edam.OneDrive\Edam.GraphClient.csproj", "{431B53F9-6CCB-427D-942F-BBEC9F3902CF}"
EndProject
Project("{2150E333-8FDC-42A3-9474-1A3956D46DE8}") = "Edam.Connector", "Edam.Connector", "{1779B765-C2A6-4613-A3BA-0C0090E1F6E7}"
EndProject
Project("{9A19103F-16F7-4668-BE54-9A1E7A4F7556}") = "KristofferStrube.Blazor.FileSystem", "Edam.Libraries\Connector\KristofferStrube.Blazor.FileSystem\KristofferStrube.Blazor.FileSystem.csproj", "{460B92BF-938E-46E3-B63E-3DE8E58B604B}"
EndProject
Project("{9A19103F-16F7-4668-BE54-9A1E7A4F7556}") = "KristofferStrube.Blazor.FileSystemAccess", "Edam.Libraries\Connector\KristofferStrube.Blazor.FileSystemAccess\KristofferStrube.Blazor.FileSystemAccess.csproj", "{5132C6A7-5D4B-45FF-8D5D-E46423C9E341}"
EndProject
Project("{9A19103F-16F7-4668-BE54-9A1E7A4F7556}") = "KristofferStrube.Blazor.FileAPI", "Edam.Libraries\Connector\KristofferStrube.Blazor.FileAPI\KristofferStrube.Blazor.FileAPI.csproj", "{5EFDAA88-922C-49D0-8652-0BEE41BB653D}"
EndProject
Project("{9A19103F-16F7-4668-BE54-9A1E7A4F7556}") = "KristofferStrube.Blazor.Streams", "Edam.Libraries\Connector\KristofferStrube.Blazor.Streams\KristofferStrube.Blazor.Streams.csproj", "{0552DCE9-A123-41EB-A2E0-23A8225880E1}"
EndProject
Project("{9A19103F-16F7-4668-BE54-9A1E7A4F7556}") = "KristofferStrube.Blazor.DOM", "Edam.Libraries\Connector\KristofferStrube.Blazor.DOM\KristofferStrube.Blazor.DOM.csproj", "{2837715F-9B4C-4B8C-88C3-5FE346BC5AB4}"
EndProject
Project("{9A19103F-16F7-4668-BE54-9A1E7A4F7556}") = "KristofferStrube.Blazor.WebIDL", "Edam.Libraries\Connector\KristofferStrube.Blazor.WebIDL\KristofferStrube.Blazor.WebIDL.csproj", "{4E2A9E96-AA9D-4C55-9D7F-CEF0E2A5406C}"
EndProject
Project("{9A19103F-16F7-4668-BE54-9A1E7A4F7556}") = "Edam.Test.CosmoDb", "Edam.Libraries\Test\Edam.Test.CosmoDb\Edam.Test.CosmoDb.csproj", "{F765CAB0-EC94-4121-A042-7BCF33047DEE}"
EndProject
Project("{9A19103F-16F7-4668-BE54-9A1E7A4F7556}") = "Edam.Data.FileSystemService", "Edam.Libraries\Data\Edam.Data.FileSystemService\Edam.Data.FileSystemService.csproj", "{A2C98AD7-4B9D-4E91-B4A6-3DC5F5CE7377}"
EndProject
Project("{9A19103F-16F7-4668-BE54-9A1E7A4F7556}") = "Edam.Data.FileSystemDb", "Edam.Libraries\Data\Edam.Data.FileSystemDb\Edam.Data.FileSystemDb.csproj", "{98756506-B8B0-44B0-B0CC-7496F30B25AF}"
EndProject
Project("{9A19103F-16F7-4668-BE54-9A1E7A4F7556}") = "Edam.Data.FileSystemModel", "Edam.Libraries\Data\Edam.Data.FileSystemModel\Edam.Data.FileSystemModel.csproj", "{626F21BA-BEE3-493E-89AB-7DF9E39A66B8}"
EndProject
Project("{FAE04EC0-301F-11D3-BF4B-00C04F79EFBC}") = "Edam.Test.FileSystemDb", "Edam.Libraries\Test\Edam.Test.FileSystemDb\Edam.Test.FileSystemDb.csproj", "{9E8FF0D0-DC78-4C8B-88DE-7EA3C11E8733}"
EndProject
Global
	GlobalSection(SolutionConfigurationPlatforms) = preSolution
		Debug|Any CPU = Debug|Any CPU
		Release|Any CPU = Release|Any CPU
	EndGlobalSection
	GlobalSection(ProjectConfigurationPlatforms) = postSolution
		{5827CDB6-BFFC-4EB3-B7F1-442B9416687A}.Debug|Any CPU.ActiveCfg = Debug|Any CPU
		{5827CDB6-BFFC-4EB3-B7F1-442B9416687A}.Debug|Any CPU.Build.0 = Debug|Any CPU
		{5827CDB6-BFFC-4EB3-B7F1-442B9416687A}.Release|Any CPU.ActiveCfg = Release|Any CPU
		{5827CDB6-BFFC-4EB3-B7F1-442B9416687A}.Release|Any CPU.Build.0 = Release|Any CPU
		{15133E74-C3C4-454F-BB99-51300CF8237A}.Debug|Any CPU.ActiveCfg = Debug|Any CPU
		{15133E74-C3C4-454F-BB99-51300CF8237A}.Debug|Any CPU.Build.0 = Debug|Any CPU
		{15133E74-C3C4-454F-BB99-51300CF8237A}.Release|Any CPU.ActiveCfg = Release|Any CPU
		{15133E74-C3C4-454F-BB99-51300CF8237A}.Release|Any CPU.Build.0 = Release|Any CPU
		{6FB7C2EE-AFDA-4451-A204-B45D61D0E5D3}.Debug|Any CPU.ActiveCfg = Debug|Any CPU
		{6FB7C2EE-AFDA-4451-A204-B45D61D0E5D3}.Debug|Any CPU.Build.0 = Debug|Any CPU
		{6FB7C2EE-AFDA-4451-A204-B45D61D0E5D3}.Release|Any CPU.ActiveCfg = Release|Any CPU
		{6FB7C2EE-AFDA-4451-A204-B45D61D0E5D3}.Release|Any CPU.Build.0 = Release|Any CPU
		{5308AEC7-3E56-4B60-B4DF-AD19A5F05398}.Debug|Any CPU.ActiveCfg = Debug|Any CPU
		{5308AEC7-3E56-4B60-B4DF-AD19A5F05398}.Debug|Any CPU.Build.0 = Debug|Any CPU
		{5308AEC7-3E56-4B60-B4DF-AD19A5F05398}.Release|Any CPU.ActiveCfg = Release|Any CPU
		{5308AEC7-3E56-4B60-B4DF-AD19A5F05398}.Release|Any CPU.Build.0 = Release|Any CPU
		{5403EEA4-59DD-42C8-A016-ED6A5BC112D9}.Debug|Any CPU.ActiveCfg = Debug|Any CPU
		{5403EEA4-59DD-42C8-A016-ED6A5BC112D9}.Debug|Any CPU.Build.0 = Debug|Any CPU
		{5403EEA4-59DD-42C8-A016-ED6A5BC112D9}.Release|Any CPU.ActiveCfg = Release|Any CPU
		{5403EEA4-59DD-42C8-A016-ED6A5BC112D9}.Release|Any CPU.Build.0 = Release|Any CPU
		{E98E5179-39EA-4E27-B857-19467BBC422B}.Debug|Any CPU.ActiveCfg = Debug|Any CPU
		{E98E5179-39EA-4E27-B857-19467BBC422B}.Debug|Any CPU.Build.0 = Debug|Any CPU
		{E98E5179-39EA-4E27-B857-19467BBC422B}.Release|Any CPU.ActiveCfg = Release|Any CPU
		{E98E5179-39EA-4E27-B857-19467BBC422B}.Release|Any CPU.Build.0 = Release|Any CPU
		{431B53F9-6CCB-427D-942F-BBEC9F3902CF}.Debug|Any CPU.ActiveCfg = Debug|Any CPU
		{431B53F9-6CCB-427D-942F-BBEC9F3902CF}.Debug|Any CPU.Build.0 = Debug|Any CPU
		{431B53F9-6CCB-427D-942F-BBEC9F3902CF}.Release|Any CPU.ActiveCfg = Release|Any CPU
		{431B53F9-6CCB-427D-942F-BBEC9F3902CF}.Release|Any CPU.Build.0 = Release|Any CPU
		{460B92BF-938E-46E3-B63E-3DE8E58B604B}.Debug|Any CPU.ActiveCfg = Debug|Any CPU
		{460B92BF-938E-46E3-B63E-3DE8E58B604B}.Debug|Any CPU.Build.0 = Debug|Any CPU
		{460B92BF-938E-46E3-B63E-3DE8E58B604B}.Release|Any CPU.ActiveCfg = Release|Any CPU
		{460B92BF-938E-46E3-B63E-3DE8E58B604B}.Release|Any CPU.Build.0 = Release|Any CPU
		{5132C6A7-5D4B-45FF-8D5D-E46423C9E341}.Debug|Any CPU.ActiveCfg = Debug|Any CPU
		{5132C6A7-5D4B-45FF-8D5D-E46423C9E341}.Debug|Any CPU.Build.0 = Debug|Any CPU
		{5132C6A7-5D4B-45FF-8D5D-E46423C9E341}.Release|Any CPU.ActiveCfg = Release|Any CPU
		{5132C6A7-5D4B-45FF-8D5D-E46423C9E341}.Release|Any CPU.Build.0 = Release|Any CPU
		{5EFDAA88-922C-49D0-8652-0BEE41BB653D}.Debug|Any CPU.ActiveCfg = Debug|Any CPU
		{5EFDAA88-922C-49D0-8652-0BEE41BB653D}.Debug|Any CPU.Build.0 = Debug|Any CPU
		{5EFDAA88-922C-49D0-8652-0BEE41BB653D}.Release|Any CPU.ActiveCfg = Release|Any CPU
		{5EFDAA88-922C-49D0-8652-0BEE41BB653D}.Release|Any CPU.Build.0 = Release|Any CPU
		{0552DCE9-A123-41EB-A2E0-23A8225880E1}.Debug|Any CPU.ActiveCfg = Debug|Any CPU
		{0552DCE9-A123-41EB-A2E0-23A8225880E1}.Debug|Any CPU.Build.0 = Debug|Any CPU
		{0552DCE9-A123-41EB-A2E0-23A8225880E1}.Release|Any CPU.ActiveCfg = Release|Any CPU
		{0552DCE9-A123-41EB-A2E0-23A8225880E1}.Release|Any CPU.Build.0 = Release|Any CPU
		{2837715F-9B4C-4B8C-88C3-5FE346BC5AB4}.Debug|Any CPU.ActiveCfg = Debug|Any CPU
		{2837715F-9B4C-4B8C-88C3-5FE346BC5AB4}.Debug|Any CPU.Build.0 = Debug|Any CPU
		{2837715F-9B4C-4B8C-88C3-5FE346BC5AB4}.Release|Any CPU.ActiveCfg = Release|Any CPU
		{2837715F-9B4C-4B8C-88C3-5FE346BC5AB4}.Release|Any CPU.Build.0 = Release|Any CPU
		{4E2A9E96-AA9D-4C55-9D7F-CEF0E2A5406C}.Debug|Any CPU.ActiveCfg = Debug|Any CPU
		{4E2A9E96-AA9D-4C55-9D7F-CEF0E2A5406C}.Debug|Any CPU.Build.0 = Debug|Any CPU
		{4E2A9E96-AA9D-4C55-9D7F-CEF0E2A5406C}.Release|Any CPU.ActiveCfg = Release|Any CPU
		{4E2A9E96-AA9D-4C55-9D7F-CEF0E2A5406C}.Release|Any CPU.Build.0 = Release|Any CPU
		{F765CAB0-EC94-4121-A042-7BCF33047DEE}.Debug|Any CPU.ActiveCfg = Debug|Any CPU
		{F765CAB0-EC94-4121-A042-7BCF33047DEE}.Debug|Any CPU.Build.0 = Debug|Any CPU
		{F765CAB0-EC94-4121-A042-7BCF33047DEE}.Release|Any CPU.ActiveCfg = Release|Any CPU
		{F765CAB0-EC94-4121-A042-7BCF33047DEE}.Release|Any CPU.Build.0 = Release|Any CPU
		{A2C98AD7-4B9D-4E91-B4A6-3DC5F5CE7377}.Debug|Any CPU.ActiveCfg = Debug|Any CPU
		{A2C98AD7-4B9D-4E91-B4A6-3DC5F5CE7377}.Debug|Any CPU.Build.0 = Debug|Any CPU
		{A2C98AD7-4B9D-4E91-B4A6-3DC5F5CE7377}.Release|Any CPU.ActiveCfg = Release|Any CPU
		{A2C98AD7-4B9D-4E91-B4A6-3DC5F5CE7377}.Release|Any CPU.Build.0 = Release|Any CPU
		{98756506-B8B0-44B0-B0CC-7496F30B25AF}.Debug|Any CPU.ActiveCfg = Debug|Any CPU
		{98756506-B8B0-44B0-B0CC-7496F30B25AF}.Debug|Any CPU.Build.0 = Debug|Any CPU
		{98756506-B8B0-44B0-B0CC-7496F30B25AF}.Release|Any CPU.ActiveCfg = Release|Any CPU
		{98756506-B8B0-44B0-B0CC-7496F30B25AF}.Release|Any CPU.Build.0 = Release|Any CPU
		{626F21BA-BEE3-493E-89AB-7DF9E39A66B8}.Debug|Any CPU.ActiveCfg = Debug|Any CPU
		{626F21BA-BEE3-493E-89AB-7DF9E39A66B8}.Debug|Any CPU.Build.0 = Debug|Any CPU
		{626F21BA-BEE3-493E-89AB-7DF9E39A66B8}.Release|Any CPU.ActiveCfg = Release|Any CPU
		{626F21BA-BEE3-493E-89AB-7DF9E39A66B8}.Release|Any CPU.Build.0 = Release|Any CPU
		{9E8FF0D0-DC78-4C8B-88DE-7EA3C11E8733}.Debug|Any CPU.ActiveCfg = Debug|Any CPU
		{9E8FF0D0-DC78-4C8B-88DE-7EA3C11E8733}.Debug|Any CPU.Build.0 = Debug|Any CPU
		{9E8FF0D0-DC78-4C8B-88DE-7EA3C11E8733}.Release|Any CPU.ActiveCfg = Release|Any CPU
		{9E8FF0D0-DC78-4C8B-88DE-7EA3C11E8733}.Release|Any CPU.Build.0 = Release|Any CPU
	EndGlobalSection
	GlobalSection(SolutionProperties) = preSolution
		HideSolutionNode = FALSE
	EndGlobalSection
	GlobalSection(NestedProjects) = preSolution
		{AB91E3A9-D5F5-4DA2-A1B2-28BF7B0968AE} = {E9935052-7104-4397-9B41-36E71D14FDB1}
		{001B5EA3-8FC1-45A7-AC98-3E267536975C} = {E9935052-7104-4397-9B41-36E71D14FDB1}
		{E98E5179-39EA-4E27-B857-19467BBC422B} = {AB91E3A9-D5F5-4DA2-A1B2-28BF7B0968AE}
		{431B53F9-6CCB-427D-942F-BBEC9F3902CF} = {001B5EA3-8FC1-45A7-AC98-3E267536975C}
		{1779B765-C2A6-4613-A3BA-0C0090E1F6E7} = {E9935052-7104-4397-9B41-36E71D14FDB1}
		{460B92BF-938E-46E3-B63E-3DE8E58B604B} = {1779B765-C2A6-4613-A3BA-0C0090E1F6E7}
		{5132C6A7-5D4B-45FF-8D5D-E46423C9E341} = {1779B765-C2A6-4613-A3BA-0C0090E1F6E7}
		{5EFDAA88-922C-49D0-8652-0BEE41BB653D} = {1779B765-C2A6-4613-A3BA-0C0090E1F6E7}
		{0552DCE9-A123-41EB-A2E0-23A8225880E1} = {1779B765-C2A6-4613-A3BA-0C0090E1F6E7}
		{2837715F-9B4C-4B8C-88C3-5FE346BC5AB4} = {1779B765-C2A6-4613-A3BA-0C0090E1F6E7}
		{4E2A9E96-AA9D-4C55-9D7F-CEF0E2A5406C} = {1779B765-C2A6-4613-A3BA-0C0090E1F6E7}
		{F765CAB0-EC94-4121-A042-7BCF33047DEE} = {1F7529AB-BFCA-45A7-8F92-CC3D32148424}
		{A2C98AD7-4B9D-4E91-B4A6-3DC5F5CE7377} = {001B5EA3-8FC1-45A7-AC98-3E267536975C}
		{98756506-B8B0-44B0-B0CC-7496F30B25AF} = {001B5EA3-8FC1-45A7-AC98-3E267536975C}
		{626F21BA-BEE3-493E-89AB-7DF9E39A66B8} = {001B5EA3-8FC1-45A7-AC98-3E267536975C}
		{9E8FF0D0-DC78-4C8B-88DE-7EA3C11E8733} = {1F7529AB-BFCA-45A7-8F92-CC3D32148424}
	EndGlobalSection
	GlobalSection(ExtensibilityGlobals) = postSolution
		SolutionGuid = {5ABF3AEE-158F-45D0-A5AD-26CC61012971}
	EndGlobalSection
EndGlobal
